
Microsoft Visual Studio Solution File, Format Version 12.00
# Visual Studio 15
VisualStudioVersion = 15.0.27130.2036
MinimumVisualStudioVersion = 10.0.40219.1
Project("{9A19103F-16F7-4668-BE54-9A1E7A4F7556}") = "PrismDemoNetSt", "PrismDemoNetSt\PrismDemoNetSt\PrismDemoNetSt.csproj", "{8262C0BF-8751-47F2-A8E6-61C405DBF461}"
EndProject
Project("{FAE04EC0-301F-11D3-BF4B-00C04F79EFBC}") = "PrismDemoNetSt.Android", "PrismDemoNetSt\PrismDemoNetSt.Android\PrismDemoNetSt.Android.csproj", "{10D08DBC-351B-44FA-87EA-FFA2285CA7B7}"
EndProject
Project("{FAE04EC0-301F-11D3-BF4B-00C04F79EFBC}") = "PrismDemoNetSt.iOS", "PrismDemoNetSt\PrismDemoNetSt.iOS\PrismDemoNetSt.iOS.csproj", "{84218CB6-5D96-480D-9E6F-DFAADF687151}"
EndProject
Project("{FAE04EC0-301F-11D3-BF4B-00C04F79EFBC}") = "PrismDemoNetSt.UWP", "PrismDemoNetSt\PrismDemoNetSt.UWP\PrismDemoNetSt.UWP.csproj", "{AB305279-39CB-4C5D-8BD1-1A928440E01A}"
EndProject
Global
	GlobalSection(SolutionConfigurationPlatforms) = preSolution
		Ad-Hoc|Any CPU = Ad-Hoc|Any CPU
		Ad-Hoc|ARM = Ad-Hoc|ARM
		Ad-Hoc|iPhone = Ad-Hoc|iPhone
		Ad-Hoc|iPhoneSimulator = Ad-Hoc|iPhoneSimulator
		Ad-Hoc|x64 = Ad-Hoc|x64
		Ad-Hoc|x86 = Ad-Hoc|x86
		AppStore|Any CPU = AppStore|Any CPU
		AppStore|ARM = AppStore|ARM
		AppStore|iPhone = AppStore|iPhone
		AppStore|iPhoneSimulator = AppStore|iPhoneSimulator
		AppStore|x64 = AppStore|x64
		AppStore|x86 = AppStore|x86
		Debug|Any CPU = Debug|Any CPU
		Debug|ARM = Debug|ARM
		Debug|iPhone = Debug|iPhone
		Debug|iPhoneSimulator = Debug|iPhoneSimulator
		Debug|x64 = Debug|x64
		Debug|x86 = Debug|x86
		Release|Any CPU = Release|Any CPU
		Release|ARM = Release|ARM
		Release|iPhone = Release|iPhone
		Release|iPhoneSimulator = Release|iPhoneSimulator
		Release|x64 = Release|x64
		Release|x86 = Release|x86
	EndGlobalSection
	GlobalSection(ProjectConfigurationPlatforms) = postSolution
		{8262C0BF-8751-47F2-A8E6-61C405DBF461}.Ad-Hoc|Any CPU.ActiveCfg = Debug|Any CPU
		{8262C0BF-8751-47F2-A8E6-61C405DBF461}.Ad-Hoc|Any CPU.Build.0 = Debug|Any CPU
		{8262C0BF-8751-47F2-A8E6-61C405DBF461}.Ad-Hoc|ARM.ActiveCfg = Debug|Any CPU
		{8262C0BF-8751-47F2-A8E6-61C405DBF461}.Ad-Hoc|ARM.Build.0 = Debug|Any CPU
		{8262C0BF-8751-47F2-A8E6-61C405DBF461}.Ad-Hoc|iPhone.ActiveCfg = Debug|Any CPU
		{8262C0BF-8751-47F2-A8E6-61C405DBF461}.Ad-Hoc|iPhone.Build.0 = Debug|Any CPU
		{8262C0BF-8751-47F2-A8E6-61C405DBF461}.Ad-Hoc|iPhoneSimulator.ActiveCfg = Debug|Any CPU
		{8262C0BF-8751-47F2-A8E6-61C405DBF461}.Ad-Hoc|iPhoneSimulator.Build.0 = Debug|Any CPU
		{8262C0BF-8751-47F2-A8E6-61C405DBF461}.Ad-Hoc|x64.ActiveCfg = Debug|Any CPU
		{8262C0BF-8751-47F2-A8E6-61C405DBF461}.Ad-Hoc|x64.Build.0 = Debug|Any CPU
		{8262C0BF-8751-47F2-A8E6-61C405DBF461}.Ad-Hoc|x86.ActiveCfg = Debug|Any CPU
		{8262C0BF-8751-47F2-A8E6-61C405DBF461}.Ad-Hoc|x86.Build.0 = Debug|Any CPU
		{8262C0BF-8751-47F2-A8E6-61C405DBF461}.AppStore|Any CPU.ActiveCfg = Debug|Any CPU
		{8262C0BF-8751-47F2-A8E6-61C405DBF461}.AppStore|Any CPU.Build.0 = Debug|Any CPU
		{8262C0BF-8751-47F2-A8E6-61C405DBF461}.AppStore|ARM.ActiveCfg = Debug|Any CPU
		{8262C0BF-8751-47F2-A8E6-61C405DBF461}.AppStore|ARM.Build.0 = Debug|Any CPU
		{8262C0BF-8751-47F2-A8E6-61C405DBF461}.AppStore|iPhone.ActiveCfg = Debug|Any CPU
		{8262C0BF-8751-47F2-A8E6-61C405DBF461}.AppStore|iPhone.Build.0 = Debug|Any CPU
		{8262C0BF-8751-47F2-A8E6-61C405DBF461}.AppStore|iPhoneSimulator.ActiveCfg = Debug|Any CPU
		{8262C0BF-8751-47F2-A8E6-61C405DBF461}.AppStore|iPhoneSimulator.Build.0 = Debug|Any CPU
		{8262C0BF-8751-47F2-A8E6-61C405DBF461}.AppStore|x64.ActiveCfg = Debug|Any CPU
		{8262C0BF-8751-47F2-A8E6-61C405DBF461}.AppStore|x64.Build.0 = Debug|Any CPU
		{8262C0BF-8751-47F2-A8E6-61C405DBF461}.AppStore|x86.ActiveCfg = Debug|Any CPU
		{8262C0BF-8751-47F2-A8E6-61C405DBF461}.AppStore|x86.Build.0 = Debug|Any CPU
		{8262C0BF-8751-47F2-A8E6-61C405DBF461}.Debug|Any CPU.ActiveCfg = Debug|Any CPU
		{8262C0BF-8751-47F2-A8E6-61C405DBF461}.Debug|Any CPU.Build.0 = Debug|Any CPU
		{8262C0BF-8751-47F2-A8E6-61C405DBF461}.Debug|ARM.ActiveCfg = Debug|Any CPU
		{8262C0BF-8751-47F2-A8E6-61C405DBF461}.Debug|ARM.Build.0 = Debug|Any CPU
		{8262C0BF-8751-47F2-A8E6-61C405DBF461}.Debug|iPhone.ActiveCfg = Debug|Any CPU
		{8262C0BF-8751-47F2-A8E6-61C405DBF461}.Debug|iPhone.Build.0 = Debug|Any CPU
		{8262C0BF-8751-47F2-A8E6-61C405DBF461}.Debug|iPhoneSimulator.ActiveCfg = Debug|Any CPU
		{8262C0BF-8751-47F2-A8E6-61C405DBF461}.Debug|iPhoneSimulator.Build.0 = Debug|Any CPU
		{8262C0BF-8751-47F2-A8E6-61C405DBF461}.Debug|x64.ActiveCfg = Debug|Any CPU
		{8262C0BF-8751-47F2-A8E6-61C405DBF461}.Debug|x64.Build.0 = Debug|Any CPU
		{8262C0BF-8751-47F2-A8E6-61C405DBF461}.Debug|x86.ActiveCfg = Debug|Any CPU
		{8262C0BF-8751-47F2-A8E6-61C405DBF461}.Debug|x86.Build.0 = Debug|Any CPU
		{8262C0BF-8751-47F2-A8E6-61C405DBF461}.Release|Any CPU.ActiveCfg = Release|Any CPU
		{8262C0BF-8751-47F2-A8E6-61C405DBF461}.Release|Any CPU.Build.0 = Release|Any CPU
		{8262C0BF-8751-47F2-A8E6-61C405DBF461}.Release|ARM.ActiveCfg = Release|Any CPU
		{8262C0BF-8751-47F2-A8E6-61C405DBF461}.Release|ARM.Build.0 = Release|Any CPU
		{8262C0BF-8751-47F2-A8E6-61C405DBF461}.Release|iPhone.ActiveCfg = Release|Any CPU
		{8262C0BF-8751-47F2-A8E6-61C405DBF461}.Release|iPhone.Build.0 = Release|Any CPU
		{8262C0BF-8751-47F2-A8E6-61C405DBF461}.Release|iPhoneSimulator.ActiveCfg = Release|Any CPU
		{8262C0BF-8751-47F2-A8E6-61C405DBF461}.Release|iPhoneSimulator.Build.0 = Release|Any CPU
		{8262C0BF-8751-47F2-A8E6-61C405DBF461}.Release|x64.ActiveCfg = Release|Any CPU
		{8262C0BF-8751-47F2-A8E6-61C405DBF461}.Release|x64.Build.0 = Release|Any CPU
		{8262C0BF-8751-47F2-A8E6-61C405DBF461}.Release|x86.ActiveCfg = Release|Any CPU
		{8262C0BF-8751-47F2-A8E6-61C405DBF461}.Release|x86.Build.0 = Release|Any CPU
		{10D08DBC-351B-44FA-87EA-FFA2285CA7B7}.Ad-Hoc|Any CPU.ActiveCfg = Release|Any CPU
		{10D08DBC-351B-44FA-87EA-FFA2285CA7B7}.Ad-Hoc|Any CPU.Build.0 = Release|Any CPU
		{10D08DBC-351B-44FA-87EA-FFA2285CA7B7}.Ad-Hoc|Any CPU.Deploy.0 = Release|Any CPU
		{10D08DBC-351B-44FA-87EA-FFA2285CA7B7}.Ad-Hoc|ARM.ActiveCfg = Release|Any CPU
		{10D08DBC-351B-44FA-87EA-FFA2285CA7B7}.Ad-Hoc|ARM.Build.0 = Release|Any CPU
		{10D08DBC-351B-44FA-87EA-FFA2285CA7B7}.Ad-Hoc|ARM.Deploy.0 = Release|Any CPU
		{10D08DBC-351B-44FA-87EA-FFA2285CA7B7}.Ad-Hoc|iPhone.ActiveCfg = Release|Any CPU
		{10D08DBC-351B-44FA-87EA-FFA2285CA7B7}.Ad-Hoc|iPhone.Build.0 = Release|Any CPU
		{10D08DBC-351B-44FA-87EA-FFA2285CA7B7}.Ad-Hoc|iPhone.Deploy.0 = Release|Any CPU
		{10D08DBC-351B-44FA-87EA-FFA2285CA7B7}.Ad-Hoc|iPhoneSimulator.ActiveCfg = Release|Any CPU
		{10D08DBC-351B-44FA-87EA-FFA2285CA7B7}.Ad-Hoc|iPhoneSimulator.Build.0 = Release|Any CPU
		{10D08DBC-351B-44FA-87EA-FFA2285CA7B7}.Ad-Hoc|iPhoneSimulator.Deploy.0 = Release|Any CPU
		{10D08DBC-351B-44FA-87EA-FFA2285CA7B7}.Ad-Hoc|x64.ActiveCfg = Release|Any CPU
		{10D08DBC-351B-44FA-87EA-FFA2285CA7B7}.Ad-Hoc|x64.Build.0 = Release|Any CPU
		{10D08DBC-351B-44FA-87EA-FFA2285CA7B7}.Ad-Hoc|x64.Deploy.0 = Release|Any CPU
		{10D08DBC-351B-44FA-87EA-FFA2285CA7B7}.Ad-Hoc|x86.ActiveCfg = Release|Any CPU
		{10D08DBC-351B-44FA-87EA-FFA2285CA7B7}.Ad-Hoc|x86.Build.0 = Release|Any CPU
		{10D08DBC-351B-44FA-87EA-FFA2285CA7B7}.Ad-Hoc|x86.Deploy.0 = Release|Any CPU
		{10D08DBC-351B-44FA-87EA-FFA2285CA7B7}.AppStore|Any CPU.ActiveCfg = Release|Any CPU
		{10D08DBC-351B-44FA-87EA-FFA2285CA7B7}.AppStore|Any CPU.Build.0 = Release|Any CPU
		{10D08DBC-351B-44FA-87EA-FFA2285CA7B7}.AppStore|Any CPU.Deploy.0 = Release|Any CPU
		{10D08DBC-351B-44FA-87EA-FFA2285CA7B7}.AppStore|ARM.ActiveCfg = Release|Any CPU
		{10D08DBC-351B-44FA-87EA-FFA2285CA7B7}.AppStore|ARM.Build.0 = Release|Any CPU
		{10D08DBC-351B-44FA-87EA-FFA2285CA7B7}.AppStore|ARM.Deploy.0 = Release|Any CPU
		{10D08DBC-351B-44FA-87EA-FFA2285CA7B7}.AppStore|iPhone.ActiveCfg = Release|Any CPU
		{10D08DBC-351B-44FA-87EA-FFA2285CA7B7}.AppStore|iPhone.Build.0 = Release|Any CPU
		{10D08DBC-351B-44FA-87EA-FFA2285CA7B7}.AppStore|iPhone.Deploy.0 = Release|Any CPU
		{10D08DBC-351B-44FA-87EA-FFA2285CA7B7}.AppStore|iPhoneSimulator.ActiveCfg = Release|Any CPU
		{10D08DBC-351B-44FA-87EA-FFA2285CA7B7}.AppStore|iPhoneSimulator.Build.0 = Release|Any CPU
		{10D08DBC-351B-44FA-87EA-FFA2285CA7B7}.AppStore|iPhoneSimulator.Deploy.0 = Release|Any CPU
		{10D08DBC-351B-44FA-87EA-FFA2285CA7B7}.AppStore|x64.ActiveCfg = Release|Any CPU
		{10D08DBC-351B-44FA-87EA-FFA2285CA7B7}.AppStore|x64.Build.0 = Release|Any CPU
		{10D08DBC-351B-44FA-87EA-FFA2285CA7B7}.AppStore|x64.Deploy.0 = Release|Any CPU
		{10D08DBC-351B-44FA-87EA-FFA2285CA7B7}.AppStore|x86.ActiveCfg = Release|Any CPU
		{10D08DBC-351B-44FA-87EA-FFA2285CA7B7}.AppStore|x86.Build.0 = Release|Any CPU
		{10D08DBC-351B-44FA-87EA-FFA2285CA7B7}.AppStore|x86.Deploy.0 = Release|Any CPU
		{10D08DBC-351B-44FA-87EA-FFA2285CA7B7}.Debug|Any CPU.ActiveCfg = Debug|Any CPU
		{10D08DBC-351B-44FA-87EA-FFA2285CA7B7}.Debug|Any CPU.Build.0 = Debug|Any CPU
		{10D08DBC-351B-44FA-87EA-FFA2285CA7B7}.Debug|Any CPU.Deploy.0 = Debug|Any CPU
		{10D08DBC-351B-44FA-87EA-FFA2285CA7B7}.Debug|ARM.ActiveCfg = Debug|Any CPU
		{10D08DBC-351B-44FA-87EA-FFA2285CA7B7}.Debug|ARM.Build.0 = Debug|Any CPU
		{10D08DBC-351B-44FA-87EA-FFA2285CA7B7}.Debug|ARM.Deploy.0 = Debug|Any CPU
		{10D08DBC-351B-44FA-87EA-FFA2285CA7B7}.Debug|iPhone.ActiveCfg = Debug|Any CPU
		{10D08DBC-351B-44FA-87EA-FFA2285CA7B7}.Debug|iPhone.Build.0 = Debug|Any CPU
		{10D08DBC-351B-44FA-87EA-FFA2285CA7B7}.Debug|iPhone.Deploy.0 = Debug|Any CPU
		{10D08DBC-351B-44FA-87EA-FFA2285CA7B7}.Debug|iPhoneSimulator.ActiveCfg = Debug|Any CPU
		{10D08DBC-351B-44FA-87EA-FFA2285CA7B7}.Debug|iPhoneSimulator.Build.0 = Debug|Any CPU
		{10D08DBC-351B-44FA-87EA-FFA2285CA7B7}.Debug|iPhoneSimulator.Deploy.0 = Debug|Any CPU
		{10D08DBC-351B-44FA-87EA-FFA2285CA7B7}.Debug|x64.ActiveCfg = Debug|Any CPU
		{10D08DBC-351B-44FA-87EA-FFA2285CA7B7}.Debug|x64.Build.0 = Debug|Any CPU
		{10D08DBC-351B-44FA-87EA-FFA2285CA7B7}.Debug|x64.Deploy.0 = Debug|Any CPU
		{10D08DBC-351B-44FA-87EA-FFA2285CA7B7}.Debug|x86.ActiveCfg = Debug|Any CPU
		{10D08DBC-351B-44FA-87EA-FFA2285CA7B7}.Debug|x86.Build.0 = Debug|Any CPU
		{10D08DBC-351B-44FA-87EA-FFA2285CA7B7}.Debug|x86.Deploy.0 = Debug|Any CPU
		{10D08DBC-351B-44FA-87EA-FFA2285CA7B7}.Release|Any CPU.ActiveCfg = Release|Any CPU
		{10D08DBC-351B-44FA-87EA-FFA2285CA7B7}.Release|Any CPU.Build.0 = Release|Any CPU
		{10D08DBC-351B-44FA-87EA-FFA2285CA7B7}.Release|Any CPU.Deploy.0 = Release|Any CPU
		{10D08DBC-351B-44FA-87EA-FFA2285CA7B7}.Release|ARM.ActiveCfg = Release|Any CPU
		{10D08DBC-351B-44FA-87EA-FFA2285CA7B7}.Release|ARM.Build.0 = Release|Any CPU
		{10D08DBC-351B-44FA-87EA-FFA2285CA7B7}.Release|ARM.Deploy.0 = Release|Any CPU
		{10D08DBC-351B-44FA-87EA-FFA2285CA7B7}.Release|iPhone.ActiveCfg = Release|Any CPU
		{10D08DBC-351B-44FA-87EA-FFA2285CA7B7}.Release|iPhone.Build.0 = Release|Any CPU
		{10D08DBC-351B-44FA-87EA-FFA2285CA7B7}.Release|iPhone.Deploy.0 = Release|Any CPU
		{10D08DBC-351B-44FA-87EA-FFA2285CA7B7}.Release|iPhoneSimulator.ActiveCfg = Release|Any CPU
		{10D08DBC-351B-44FA-87EA-FFA2285CA7B7}.Release|iPhoneSimulator.Build.0 = Release|Any CPU
		{10D08DBC-351B-44FA-87EA-FFA2285CA7B7}.Release|iPhoneSimulator.Deploy.0 = Release|Any CPU
		{10D08DBC-351B-44FA-87EA-FFA2285CA7B7}.Release|x64.ActiveCfg = Release|Any CPU
		{10D08DBC-351B-44FA-87EA-FFA2285CA7B7}.Release|x64.Build.0 = Release|Any CPU
		{10D08DBC-351B-44FA-87EA-FFA2285CA7B7}.Release|x64.Deploy.0 = Release|Any CPU
		{10D08DBC-351B-44FA-87EA-FFA2285CA7B7}.Release|x86.ActiveCfg = Release|Any CPU
		{10D08DBC-351B-44FA-87EA-FFA2285CA7B7}.Release|x86.Build.0 = Release|Any CPU
		{10D08DBC-351B-44FA-87EA-FFA2285CA7B7}.Release|x86.Deploy.0 = Release|Any CPU
		{84218CB6-5D96-480D-9E6F-DFAADF687151}.Ad-Hoc|Any CPU.ActiveCfg = Ad-Hoc|iPhone
		{84218CB6-5D96-480D-9E6F-DFAADF687151}.Ad-Hoc|ARM.ActiveCfg = Ad-Hoc|iPhone
		{84218CB6-5D96-480D-9E6F-DFAADF687151}.Ad-Hoc|iPhone.ActiveCfg = Ad-Hoc|iPhone
		{84218CB6-5D96-480D-9E6F-DFAADF687151}.Ad-Hoc|iPhone.Build.0 = Ad-Hoc|iPhone
		{84218CB6-5D96-480D-9E6F-DFAADF687151}.Ad-Hoc|iPhoneSimulator.ActiveCfg = Ad-Hoc|iPhoneSimulator
		{84218CB6-5D96-480D-9E6F-DFAADF687151}.Ad-Hoc|iPhoneSimulator.Build.0 = Ad-Hoc|iPhoneSimulator
		{84218CB6-5D96-480D-9E6F-DFAADF687151}.Ad-Hoc|x64.ActiveCfg = Ad-Hoc|iPhone
		{84218CB6-5D96-480D-9E6F-DFAADF687151}.Ad-Hoc|x86.ActiveCfg = Ad-Hoc|iPhone
		{84218CB6-5D96-480D-9E6F-DFAADF687151}.AppStore|Any CPU.ActiveCfg = AppStore|iPhone
		{84218CB6-5D96-480D-9E6F-DFAADF687151}.AppStore|ARM.ActiveCfg = AppStore|iPhone
		{84218CB6-5D96-480D-9E6F-DFAADF687151}.AppStore|iPhone.ActiveCfg = AppStore|iPhone
		{84218CB6-5D96-480D-9E6F-DFAADF687151}.AppStore|iPhone.Build.0 = AppStore|iPhone
		{84218CB6-5D96-480D-9E6F-DFAADF687151}.AppStore|iPhoneSimulator.ActiveCfg = AppStore|iPhoneSimulator
		{84218CB6-5D96-480D-9E6F-DFAADF687151}.AppStore|iPhoneSimulator.Build.0 = AppStore|iPhoneSimulator
		{84218CB6-5D96-480D-9E6F-DFAADF687151}.AppStore|x64.ActiveCfg = AppStore|iPhone
		{84218CB6-5D96-480D-9E6F-DFAADF687151}.AppStore|x86.ActiveCfg = AppStore|iPhone
		{84218CB6-5D96-480D-9E6F-DFAADF687151}.Debug|Any CPU.ActiveCfg = Debug|iPhone
		{84218CB6-5D96-480D-9E6F-DFAADF687151}.Debug|ARM.ActiveCfg = Debug|iPhone
		{84218CB6-5D96-480D-9E6F-DFAADF687151}.Debug|iPhone.ActiveCfg = Debug|iPhone
		{84218CB6-5D96-480D-9E6F-DFAADF687151}.Debug|iPhone.Build.0 = Debug|iPhone
		{84218CB6-5D96-480D-9E6F-DFAADF687151}.Debug|iPhoneSimulator.ActiveCfg = Debug|iPhoneSimulator
		{84218CB6-5D96-480D-9E6F-DFAADF687151}.Debug|iPhoneSimulator.Build.0 = Debug|iPhoneSimulator
		{84218CB6-5D96-480D-9E6F-DFAADF687151}.Debug|x64.ActiveCfg = Debug|iPhone
		{84218CB6-5D96-480D-9E6F-DFAADF687151}.Debug|x86.ActiveCfg = Debug|iPhoneSimulator
		{84218CB6-5D96-480D-9E6F-DFAADF687151}.Debug|x86.Build.0 = Debug|iPhoneSimulator
		{84218CB6-5D96-480D-9E6F-DFAADF687151}.Release|Any CPU.ActiveCfg = Release|iPhone
		{84218CB6-5D96-480D-9E6F-DFAADF687151}.Release|ARM.ActiveCfg = Release|iPhone
		{84218CB6-5D96-480D-9E6F-DFAADF687151}.Release|iPhone.ActiveCfg = Release|iPhone
		{84218CB6-5D96-480D-9E6F-DFAADF687151}.Release|iPhone.Build.0 = Release|iPhone
		{84218CB6-5D96-480D-9E6F-DFAADF687151}.Release|iPhoneSimulator.ActiveCfg = Release|iPhoneSimulator
		{84218CB6-5D96-480D-9E6F-DFAADF687151}.Release|iPhoneSimulator.Build.0 = Release|iPhoneSimulator
		{84218CB6-5D96-480D-9E6F-DFAADF687151}.Release|x64.ActiveCfg = Release|iPhone
		{84218CB6-5D96-480D-9E6F-DFAADF687151}.Release|x86.ActiveCfg = Release|iPhone
		{AB305279-39CB-4C5D-8BD1-1A928440E01A}.Ad-Hoc|Any CPU.ActiveCfg = Release|x86
		{AB305279-39CB-4C5D-8BD1-1A928440E01A}.Ad-Hoc|Any CPU.Build.0 = Release|x86
		{AB305279-39CB-4C5D-8BD1-1A928440E01A}.Ad-Hoc|Any CPU.Deploy.0 = Release|x86
		{AB305279-39CB-4C5D-8BD1-1A928440E01A}.Ad-Hoc|ARM.ActiveCfg = Release|ARM
		{AB305279-39CB-4C5D-8BD1-1A928440E01A}.Ad-Hoc|ARM.Build.0 = Release|ARM
		{AB305279-39CB-4C5D-8BD1-1A928440E01A}.Ad-Hoc|ARM.Deploy.0 = Release|ARM
		{AB305279-39CB-4C5D-8BD1-1A928440E01A}.Ad-Hoc|iPhone.ActiveCfg = Release|x86
		{AB305279-39CB-4C5D-8BD1-1A928440E01A}.Ad-Hoc|iPhone.Build.0 = Release|x86
		{AB305279-39CB-4C5D-8BD1-1A928440E01A}.Ad-Hoc|iPhone.Deploy.0 = Release|x86
		{AB305279-39CB-4C5D-8BD1-1A928440E01A}.Ad-Hoc|iPhoneSimulator.ActiveCfg = Release|x86
		{AB305279-39CB-4C5D-8BD1-1A928440E01A}.Ad-Hoc|iPhoneSimulator.Build.0 = Release|x86
		{AB305279-39CB-4C5D-8BD1-1A928440E01A}.Ad-Hoc|iPhoneSimulator.Deploy.0 = Release|x86
		{AB305279-39CB-4C5D-8BD1-1A928440E01A}.Ad-Hoc|x64.ActiveCfg = Release|x64
		{AB305279-39CB-4C5D-8BD1-1A928440E01A}.Ad-Hoc|x64.Build.0 = Release|x64
		{AB305279-39CB-4C5D-8BD1-1A928440E01A}.Ad-Hoc|x64.Deploy.0 = Release|x64
		{AB305279-39CB-4C5D-8BD1-1A928440E01A}.Ad-Hoc|x86.ActiveCfg = Release|x86
		{AB305279-39CB-4C5D-8BD1-1A928440E01A}.Ad-Hoc|x86.Build.0 = Release|x86
		{AB305279-39CB-4C5D-8BD1-1A928440E01A}.Ad-Hoc|x86.Deploy.0 = Release|x86
		{AB305279-39CB-4C5D-8BD1-1A928440E01A}.AppStore|Any CPU.ActiveCfg = Release|x86
		{AB305279-39CB-4C5D-8BD1-1A928440E01A}.AppStore|Any CPU.Build.0 = Release|x86
		{AB305279-39CB-4C5D-8BD1-1A928440E01A}.AppStore|Any CPU.Deploy.0 = Release|x86
		{AB305279-39CB-4C5D-8BD1-1A928440E01A}.AppStore|ARM.ActiveCfg = Release|ARM
		{AB305279-39CB-4C5D-8BD1-1A928440E01A}.AppStore|ARM.Build.0 = Release|ARM
		{AB305279-39CB-4C5D-8BD1-1A928440E01A}.AppStore|ARM.Deploy.0 = Release|ARM
		{AB305279-39CB-4C5D-8BD1-1A928440E01A}.AppStore|iPhone.ActiveCfg = Release|x86
		{AB305279-39CB-4C5D-8BD1-1A928440E01A}.AppStore|iPhone.Build.0 = Release|x86
		{AB305279-39CB-4C5D-8BD1-1A928440E01A}.AppStore|iPhone.Deploy.0 = Release|x86
		{AB305279-39CB-4C5D-8BD1-1A928440E01A}.AppStore|iPhoneSimulator.ActiveCfg = Release|x86
		{AB305279-39CB-4C5D-8BD1-1A928440E01A}.AppStore|iPhoneSimulator.Build.0 = Release|x86
		{AB305279-39CB-4C5D-8BD1-1A928440E01A}.AppStore|iPhoneSimulator.Deploy.0 = Release|x86
		{AB305279-39CB-4C5D-8BD1-1A928440E01A}.AppStore|x64.ActiveCfg = Release|x64
		{AB305279-39CB-4C5D-8BD1-1A928440E01A}.AppStore|x64.Build.0 = Release|x64
		{AB305279-39CB-4C5D-8BD1-1A928440E01A}.AppStore|x64.Deploy.0 = Release|x64
		{AB305279-39CB-4C5D-8BD1-1A928440E01A}.AppStore|x86.ActiveCfg = Release|x86
		{AB305279-39CB-4C5D-8BD1-1A928440E01A}.AppStore|x86.Build.0 = Release|x86
		{AB305279-39CB-4C5D-8BD1-1A928440E01A}.AppStore|x86.Deploy.0 = Release|x86
		{AB305279-39CB-4C5D-8BD1-1A928440E01A}.Debug|Any CPU.ActiveCfg = Debug|x86
		{AB305279-39CB-4C5D-8BD1-1A928440E01A}.Debug|ARM.ActiveCfg = Debug|ARM
		{AB305279-39CB-4C5D-8BD1-1A928440E01A}.Debug|ARM.Build.0 = Debug|ARM
		{AB305279-39CB-4C5D-8BD1-1A928440E01A}.Debug|ARM.Deploy.0 = Debug|ARM
		{AB305279-39CB-4C5D-8BD1-1A928440E01A}.Debug|iPhone.ActiveCfg = Debug|x86
		{AB305279-39CB-4C5D-8BD1-1A928440E01A}.Debug|iPhoneSimulator.ActiveCfg = Debug|x86
		{AB305279-39CB-4C5D-8BD1-1A928440E01A}.Debug|iPhoneSimulator.Build.0 = Debug|x86
		{AB305279-39CB-4C5D-8BD1-1A928440E01A}.Debug|iPhoneSimulator.Deploy.0 = Debug|x86
		{AB305279-39CB-4C5D-8BD1-1A928440E01A}.Debug|x64.ActiveCfg = Debug|x64
		{AB305279-39CB-4C5D-8BD1-1A928440E01A}.Debug|x64.Build.0 = Debug|x64
		{AB305279-39CB-4C5D-8BD1-1A928440E01A}.Debug|x64.Deploy.0 = Debug|x64
		{AB305279-39CB-4C5D-8BD1-1A928440E01A}.Debug|x86.ActiveCfg = Debug|x86
		{AB305279-39CB-4C5D-8BD1-1A928440E01A}.Debug|x86.Build.0 = Debug|x86
		{AB305279-39CB-4C5D-8BD1-1A928440E01A}.Debug|x86.Deploy.0 = Debug|x86
		{AB305279-39CB-4C5D-8BD1-1A928440E01A}.Release|Any CPU.ActiveCfg = Release|x86
		{AB305279-39CB-4C5D-8BD1-1A928440E01A}.Release|ARM.ActiveCfg = Release|ARM
		{AB305279-39CB-4C5D-8BD1-1A928440E01A}.Release|ARM.Build.0 = Release|ARM
		{AB305279-39CB-4C5D-8BD1-1A928440E01A}.Release|ARM.Deploy.0 = Release|ARM
		{AB305279-39CB-4C5D-8BD1-1A928440E01A}.Release|iPhone.ActiveCfg = Release|x86
		{AB305279-39CB-4C5D-8BD1-1A928440E01A}.Release|iPhoneSimulator.ActiveCfg = Release|x86
		{AB305279-39CB-4C5D-8BD1-1A928440E01A}.Release|x64.ActiveCfg = Release|x64
		{AB305279-39CB-4C5D-8BD1-1A928440E01A}.Release|x64.Build.0 = Release|x64
		{AB305279-39CB-4C5D-8BD1-1A928440E01A}.Release|x64.Deploy.0 = Release|x64
		{AB305279-39CB-4C5D-8BD1-1A928440E01A}.Release|x86.ActiveCfg = Release|x86
		{AB305279-39CB-4C5D-8BD1-1A928440E01A}.Release|x86.Build.0 = Release|x86
		{AB305279-39CB-4C5D-8BD1-1A928440E01A}.Release|x86.Deploy.0 = Release|x86
	EndGlobalSection
	GlobalSection(SolutionProperties) = preSolution
		HideSolutionNode = FALSE
	EndGlobalSection
	GlobalSection(ExtensibilityGlobals) = postSolution
		SolutionGuid = {18CDF156-D862-4F4F-B66C-F41645725DF6}
	EndGlobalSection
EndGlobal
